
Microsoft Visual Studio Solution File, Format Version 12.00
# Visual Studio Version 16
VisualStudioVersion = 16.0.30717.126
MinimumVisualStudioVersion = 10.0.40219.1
Project("{FAE04EC0-301F-11D3-BF4B-00C04F79EFBC}") = "MijnTestje2921", "MijnTestje2921.csproj", "{A23510AF-F72C-4E29-874C-425D33FDC474}"
EndProject
Global
	GlobalSection(SolutionConfigurationPlatforms) = preSolution
		Debug|Any CPU = Debug|Any CPU
		Release|Any CPU = Release|Any CPU
	EndGlobalSection
	GlobalSection(ProjectConfigurationPlatforms) = postSolution
		{A23510AF-F72C-4E29-874C-425D33FDC474}.Debug|Any CPU.ActiveCfg = Debug|Any CPU
		{A23510AF-F72C-4E29-874C-425D33FDC474}.Debug|Any CPU.Build.0 = Debug|Any CPU
		{A23510AF-F72C-4E29-874C-425D33FDC474}.Release|Any CPU.ActiveCfg = Release|Any CPU
		{A23510AF-F72C-4E29-874C-425D33FDC474}.Release|Any CPU.Build.0 = Release|Any CPU
	EndGlobalSection
	GlobalSection(SolutionProperties) = preSolution
		HideSolutionNode = FALSE
	EndGlobalSection
	GlobalSection(ExtensibilityGlobals) = postSolution
		SolutionGuid = {DA388FFC-7419-4835-9D4D-C178C4A58A21}
	EndGlobalSection
EndGlobal
